PODS:
  - AEPRulesEngine (5.0.0)
  - SwiftLint (0.52.0)

DEPENDENCIES:
  - AEPRulesEngine (from `~/code/MobileSDK/Forks/aepsdk-rulesengine-ios/`)
  - SwiftLint (= 0.52.0)

SPEC REPOS:
  trunk:
    - SwiftLint

EXTERNAL SOURCES:
  AEPRulesEngine:
    :path: "~/code/MobileSDK/Forks/aepsdk-rulesengine-ios/"

SPEC CHECKSUMS:
  AEPRulesEngine: fe5800653a4bee07b1e41e61b4d5551f0dba557b
  SwiftLint: 13280e21cdda6786ad908dc6e416afe5acd1fcb7

PODFILE CHECKSUM: afbae32bd85bea7a6c4ac436e95daf3901f93d10

COCOAPODS: 1.14.3
